
Microsoft Visual Studio Solution File, Format Version 12.00
# Visual Studio Version 16
VisualStudioVersion = 16.0.29326.143
MinimumVisualStudioVersion = 10.0.40219.1
Project("{FAE04EC0-301F-11D3-BF4B-00C04F79EFBC}") = "WindowsFormsApp4", "WindowsFormsApp4\WindowsFormsApp4.csproj", "{C2D08503-FB3D-4C79-A9F2-CD830F68AF3E}"
EndProject
Global
	GlobalSection(SolutionConfigurationPlatforms) = preSolution
		Debug|Any CPU = Debug|Any CPU
		Release|Any CPU = Release|Any CPU
	EndGlobalSection
	GlobalSection(ProjectConfigurationPlatforms) = postSolution
		{C2D08503-FB3D-4C79-A9F2-CD830F68AF3E}.Debug|Any CPU.ActiveCfg = Debug|Any CPU
		{C2D08503-FB3D-4C79-A9F2-CD830F68AF3E}.Debug|Any CPU.Build.0 = Debug|Any CPU
		{C2D08503-FB3D-4C79-A9F2-CD830F68AF3E}.Release|Any CPU.ActiveCfg = Release|Any CPU
		{C2D08503-FB3D-4C79-A9F2-CD830F68AF3E}.Release|Any CPU.Build.0 = Release|Any CPU
	EndGlobalSection
	GlobalSection(SolutionProperties) = preSolution
		HideSolutionNode = FALSE
	EndGlobalSection
	GlobalSection(ExtensibilityGlobals) = postSolution
		SolutionGuid = {FA845151-7C8F-470C-8F5A-2DF5796C26A2}
	EndGlobalSection
EndGlobal
